{
	"name": "sample-data-example",
	"version": "1.0.0",
	"lockfileVersion": 1,
	"requires": true,
	"dependencies": {
		"@types/node": {
			"version": "14.11.8",
			"resolved": "https://registry.npmjs.org/@types/node/-/node-14.11.8.tgz",
			"integrity": "sha512-KPcKqKm5UKDkaYPTuXSx8wEP7vE9GnuaXIZKijwRYcePpZFDVuy2a57LarFKiORbHOuTOOwYzxVxcUzsh2P2Pw=="
		}
	}
}
